
Microsoft Visual Studio Solution File, Format Version 12.00
# Visual Studio Version 17
VisualStudioVersion = 17.3.32929.385
MinimumVisualStudioVersion = 10.0.40219.1
Project("{FAE04EC0-301F-11D3-BF4B-00C04F79EFBC}") = "DigitalVegetables", "DigitalVegetables\DigitalVegetables.csproj", "{69F12D2E-A455-4C2B-AF5D-39E80C27FB5C}"
EndProject
Global
	GlobalSection(SolutionConfigurationPlatforms) = preSolution
		Debug|Any CPU = Debug|Any CPU
		Release|Any CPU = Release|Any CPU
	EndGlobalSection
	GlobalSection(ProjectConfigurationPlatforms) = postSolution
		{69F12D2E-A455-4C2B-AF5D-39E80C27FB5C}.Debug|Any CPU.ActiveCfg = Debug|Any CPU
		{69F12D2E-A455-4C2B-AF5D-39E80C27FB5C}.Debug|Any CPU.Build.0 = Debug|Any CPU
		{69F12D2E-A455-4C2B-AF5D-39E80C27FB5C}.Release|Any CPU.ActiveCfg = Release|Any CPU
		{69F12D2E-A455-4C2B-AF5D-39E80C27FB5C}.Release|Any CPU.Build.0 = Release|Any CPU
	EndGlobalSection
	GlobalSection(SolutionProperties) = preSolution
		HideSolutionNode = FALSE
	EndGlobalSection
	GlobalSection(ExtensibilityGlobals) = postSolution
		SolutionGuid = {5C1E314B-E1BD-4A0C-A628-F772561E2803}
	EndGlobalSection
EndGlobal
